
Microsoft Visual Studio Solution File, Format Version 12.00
# Visual Studio 15
VisualStudioVersion = 15.0.27130.2027
MinimumVisualStudioVersion = 10.0.40219.1
Project("{FAE04EC0-301F-11D3-BF4B-00C04F79EFBC}") = "cpsc408_finalProject", "cpsc408_finalProject\cpsc408_finalProject.csproj", "{FD9003BC-6E3B-48F0-9DCA-3DEAA2662B5B}"
EndProject
Global
	GlobalSection(SolutionConfigurationPlatforms) = preSolution
		Debug|Any CPU = Debug|Any CPU
		Release|Any CPU = Release|Any CPU
	EndGlobalSection
	GlobalSection(ProjectConfigurationPlatforms) = postSolution
		{FD9003BC-6E3B-48F0-9DCA-3DEAA2662B5B}.Debug|Any CPU.ActiveCfg = Debug|Any CPU
		{FD9003BC-6E3B-48F0-9DCA-3DEAA2662B5B}.Debug|Any CPU.Build.0 = Debug|Any CPU
		{FD9003BC-6E3B-48F0-9DCA-3DEAA2662B5B}.Release|Any CPU.ActiveCfg = Release|Any CPU
		{FD9003BC-6E3B-48F0-9DCA-3DEAA2662B5B}.Release|Any CPU.Build.0 = Release|Any CPU
	EndGlobalSection
	GlobalSection(SolutionProperties) = preSolution
		HideSolutionNode = FALSE
	EndGlobalSection
	GlobalSection(ExtensibilityGlobals) = postSolution
		SolutionGuid = {F98C494B-D962-4C84-8D33-A11BE3560B20}
	EndGlobalSection
EndGlobal
